
Microsoft Visual Studio Solution File, Format Version 12.00
# Visual Studio Version 17
VisualStudioVersion = 17.5.33516.290
MinimumVisualStudioVersion = 10.0.40219.1
Project("{FAE04EC0-301F-11D3-BF4B-00C04F79EFBC}") = "Bloggie.Web", "Bloggie.Web\Bloggie.Web.csproj", "{C95CB5A1-5616-4541-8DB2-1E5FE4D48DAC}"
EndProject
Global
	GlobalSection(SolutionConfigurationPlatforms) = preSolution
		Debug|Any CPU = Debug|Any CPU
		Release|Any CPU = Release|Any CPU
	EndGlobalSection
	GlobalSection(ProjectConfigurationPlatforms) = postSolution
		{C95CB5A1-5616-4541-8DB2-1E5FE4D48DAC}.Debug|Any CPU.ActiveCfg = Debug|Any CPU
		{C95CB5A1-5616-4541-8DB2-1E5FE4D48DAC}.Debug|Any CPU.Build.0 = Debug|Any CPU
		{C95CB5A1-5616-4541-8DB2-1E5FE4D48DAC}.Release|Any CPU.ActiveCfg = Release|Any CPU
		{C95CB5A1-5616-4541-8DB2-1E5FE4D48DAC}.Release|Any CPU.Build.0 = Release|Any CPU
	EndGlobalSection
	GlobalSection(SolutionProperties) = preSolution
		HideSolutionNode = FALSE
	EndGlobalSection
	GlobalSection(ExtensibilityGlobals) = postSolution
		SolutionGuid = {BCB734BD-3D3A-478C-9826-085B9D231FE3}
	EndGlobalSection
EndGlobal
